{
    "version": 3,
    "terraform_version": "0.11.10",
    "serial": 8,
    "lineage": "06282804-b815-dc86-da9c-15566454a072",
    "modules": [
        {
            "path": [
                "root"
            ],
            "outputs": {},
            "resources": {
                "aws_instance.www": {
                    "type": "aws_instance",
                    "depends_on": [
                        "aws_security_group.www_group"
                    ],
                    "primary": {
                        "id": "i-0b607ae19f938ec5f",
                        "attributes": {
                            "ami": "ami-7d482305",
                            "arn": "arn:aws:ec2:us-west-2:962691467482:instance/i-0b607ae19f938ec5f",
                            "associate_public_ip_address": "true",
                            "availability_zone": "us-west-2c",
                            "cpu_core_count": "1",
                            "cpu_threads_per_core": "1",
                            "credit_specification.#": "1",
                            "credit_specification.0.cpu_credits": "standard",
                            "disable_api_termination": "false",
                            "ebs_block_device.#": "0",
                            "ebs_optimized": "false",
                            "ephemeral_block_device.#": "0",
                            "get_password_data": "false",
                            "iam_instance_profile": "",
                            "id": "i-0b607ae19f938ec5f",
                            "instance_state": "running",
                            "instance_type": "t2.micro",
                            "ipv6_addresses.#": "0",
                            "key_name": "cloud2018",
                            "monitoring": "false",
                            "network_interface.#": "0",
                            "network_interface_id": "eni-087f9f6b9b523c04b",
                            "password_data": "",
                            "placement_group": "",
                            "primary_network_interface_id": "eni-087f9f6b9b523c04b",
                            "private_dns": "ip-172-31-0-174.us-west-2.compute.internal",
                            "private_ip": "172.31.0.174",
                            "public_dns": "ec2-34-219-42-254.us-west-2.compute.amazonaws.com",
                            "public_ip": "34.219.42.254",
                            "root_block_device.#": "1",
                            "root_block_device.0.delete_on_termination": "true",
                            "root_block_device.0.iops": "100",
                            "root_block_device.0.volume_id": "vol-0dd309d76972c0bde",
                            "root_block_device.0.volume_size": "8",
                            "root_block_device.0.volume_type": "gp2",
                            "security_groups.#": "1",
                            "security_groups.174286062": "terraform-20181108234336378200000001",
                            "source_dest_check": "true",
                            "subnet_id": "subnet-c620229e",
                            "tags.%": "1",
                            "tags.Name": "www",
                            "tenancy": "default",
                            "volume_tags.%": "0",
                            "vpc_security_group_ids.#": "1",
                            "vpc_security_group_ids.2520670885": "sg-001c6c5cc8304da2d"
                        },
                        "meta": {
                            "e2bfb730-ecaa-11e6-8f88-34363bc7c4c0": {
                                "create": 600000000000,
                                "delete": 1200000000000,
                                "update": 600000000000
                            },
                            "schema_version": "1"
                        },
                        "tainted": false
                    },
                    "deposed": [],
                    "provider": "provider.aws"
                },
                "aws_security_group.db_group": {
                    "type": "aws_security_group",
                    "depends_on": [
                        "aws_instance.www"
                    ],
                    "primary": {
                        "id": "sg-0bf4e69134fd59193",
                        "attributes": {
                            "arn": "arn:aws:ec2:us-west-2:962691467482:security-group/sg-0bf4e69134fd59193",
                            "description": "Managed by Terraform",
                            "egress.#": "0",
                            "id": "sg-0bf4e69134fd59193",
                            "ingress.#": "1",
                            "ingress.1282604909.cidr_blocks.#": "1",
                            "ingress.1282604909.cidr_blocks.0": "34.219.42.254/32",
                            "ingress.1282604909.description": "",
                            "ingress.1282604909.from_port": "0",
                            "ingress.1282604909.ipv6_cidr_blocks.#": "0",
                            "ingress.1282604909.prefix_list_ids.#": "0",
                            "ingress.1282604909.protocol": "-1",
                            "ingress.1282604909.security_groups.#": "0",
                            "ingress.1282604909.self": "false",
                            "ingress.1282604909.to_port": "0",
                            "name": "terraform-20181108234416076700000002",
                            "owner_id": "962691467482",
                            "revoke_rules_on_delete": "false",
                            "tags.%": "0",
                            "vpc_id": "vpc-27f38140"
                        },
                        "meta": {
                            "e2bfb730-ecaa-11e6-8f88-34363bc7c4c0": {
                                "create": 600000000000,
                                "delete": 600000000000
                            },
                            "schema_version": "1"
                        },
                        "tainted": false
                    },
                    "deposed": [],
                    "provider": "provider.aws"
                },
                "aws_security_group.www_group": {
                    "type": "aws_security_group",
                    "depends_on": [],
                    "primary": {
                        "id": "sg-001c6c5cc8304da2d",
                        "attributes": {
                            "arn": "arn:aws:ec2:us-west-2:962691467482:security-group/sg-001c6c5cc8304da2d",
                            "description": "Managed by Terraform",
                            "egress.#": "1",
                            "egress.482069346.cidr_blocks.#": "1",
                            "egress.482069346.cidr_blocks.0": "0.0.0.0/0",
                            "egress.482069346.description": "",
                            "egress.482069346.from_port": "0",
                            "egress.482069346.ipv6_cidr_blocks.#": "0",
                            "egress.482069346.prefix_list_ids.#": "0",
                            "egress.482069346.protocol": "-1",
                            "egress.482069346.security_groups.#": "0",
                            "egress.482069346.self": "false",
                            "egress.482069346.to_port": "0",
                            "id": "sg-001c6c5cc8304da2d",
                            "ingress.#": "4",
                            "ingress.2214680975.cidr_blocks.#": "1",
                            "ingress.2214680975.cidr_blocks.0": "0.0.0.0/0",
                            "ingress.2214680975.description": "",
                            "ingress.2214680975.from_port": "80",
                            "ingress.2214680975.ipv6_cidr_blocks.#": "0",
                            "ingress.2214680975.prefix_list_ids.#": "0",
                            "ingress.2214680975.protocol": "tcp",
                            "ingress.2214680975.security_groups.#": "0",
                            "ingress.2214680975.self": "false",
                            "ingress.2214680975.to_port": "80",
                            "ingress.2541437006.cidr_blocks.#": "1",
                            "ingress.2541437006.cidr_blocks.0": "0.0.0.0/0",
                            "ingress.2541437006.description": "",
                            "ingress.2541437006.from_port": "22",
                            "ingress.2541437006.ipv6_cidr_blocks.#": "0",
                            "ingress.2541437006.prefix_list_ids.#": "0",
                            "ingress.2541437006.protocol": "tcp",
                            "ingress.2541437006.security_groups.#": "0",
                            "ingress.2541437006.self": "false",
                            "ingress.2541437006.to_port": "22",
                            "ingress.2617001939.cidr_blocks.#": "1",
                            "ingress.2617001939.cidr_blocks.0": "0.0.0.0/0",
                            "ingress.2617001939.description": "",
                            "ingress.2617001939.from_port": "443",
                            "ingress.2617001939.ipv6_cidr_blocks.#": "0",
                            "ingress.2617001939.prefix_list_ids.#": "0",
                            "ingress.2617001939.protocol": "tcp",
                            "ingress.2617001939.security_groups.#": "0",
                            "ingress.2617001939.self": "false",
                            "ingress.2617001939.to_port": "443",
                            "ingress.3404194578.cidr_blocks.#": "1",
                            "ingress.3404194578.cidr_blocks.0": "156.17.4.0/24",
                            "ingress.3404194578.description": "",
                            "ingress.3404194578.from_port": "22",
                            "ingress.3404194578.ipv6_cidr_blocks.#": "0",
                            "ingress.3404194578.prefix_list_ids.#": "0",
                            "ingress.3404194578.protocol": "tcp",
                            "ingress.3404194578.security_groups.#": "0",
                            "ingress.3404194578.self": "false",
                            "ingress.3404194578.to_port": "22",
                            "name": "terraform-20181108234336378200000001",
                            "owner_id": "962691467482",
                            "revoke_rules_on_delete": "false",
                            "tags.%": "0",
                            "vpc_id": "vpc-27f38140"
                        },
                        "meta": {
                            "e2bfb730-ecaa-11e6-8f88-34363bc7c4c0": {
                                "create": 600000000000,
                                "delete": 600000000000
                            },
                            "schema_version": "1"
                        },
                        "tainted": false
                    },
                    "deposed": [],
                    "provider": "provider.aws"
                }
            },
            "depends_on": []
        }
    ]
}
