{
    "version": 3,
    "terraform_version": "0.11.10",
    "serial": 8,
    "lineage": "7feba7f8-a4e1-9d75-61b2-f1b1d035407d",
    "modules": [
        {
            "path": [
                "root"
            ],
            "outputs": {
                "www_private_ips": {
                    "sensitive": false,
                    "type": "string",
                    "value": "10.164.0.2"
                },
                "www_public_ips": {
                    "sensitive": false,
                    "type": "list",
                    "value": [
                        "35.204.92.101"
                    ]
                }
            },
            "resources": {},
            "depends_on": []
        },
        {
            "path": [
                "root",
                "www_servers"
            ],
            "outputs": {
                "server_private_ips": {
                    "sensitive": false,
                    "type": "string",
                    "value": "10.164.0.2"
                },
                "server_public_ips": {
                    "sensitive": false,
                    "type": "list",
                    "value": [
                        "35.204.92.101"
                    ]
                }
            },
            "resources": {
                "google_compute_address.public_ip": {
                    "type": "google_compute_address",
                    "depends_on": [],
                    "primary": {
                        "id": "cloud2018-list2/europe-west4/www-server-ip-0",
                        "attributes": {
                            "address": "35.204.92.101",
                            "address_type": "EXTERNAL",
                            "creation_timestamp": "2018-11-11T06:40:07.166-08:00",
                            "description": "",
                            "id": "cloud2018-list2/europe-west4/www-server-ip-0",
                            "label_fingerprint": "42WmSpB8rSM=",
                            "labels.%": "0",
                            "name": "www-server-ip-0",
                            "network_tier": "PREMIUM",
                            "project": "cloud2018-list2",
                            "region": "europe-west4",
                            "self_link": "https://www.googleapis.com/compute/v1/projects/cloud2018-list2/regions/europe-west4/addresses/www-server-ip-0",
                            "subnetwork": "",
                            "users.#": "0"
                        },
                        "meta": {
                            "e2bfb730-ecaa-11e6-8f88-34363bc7c4c0": {
                                "create": 240000000000,
                                "delete": 240000000000,
                                "update": 240000000000
                            }
                        },
                        "tainted": false
                    },
                    "deposed": [],
                    "provider": "provider.google"
                },
                "google_compute_firewall.www_firewall": {
                    "type": "google_compute_firewall",
                    "depends_on": [
                        "google_compute_network.www_network"
                    ],
                    "primary": {
                        "id": "test-firewall",
                        "attributes": {
                            "allow.#": "2",
                            "allow.1367131964.ports.#": "0",
                            "allow.1367131964.protocol": "icmp",
                            "allow.186047796.ports.#": "2",
                            "allow.186047796.ports.0": "22",
                            "allow.186047796.ports.1": "80",
                            "allow.186047796.protocol": "tcp",
                            "creation_timestamp": "2018-11-11T06:40:54.457-08:00",
                            "deny.#": "0",
                            "description": "",
                            "destination_ranges.#": "0",
                            "direction": "INGRESS",
                            "disabled": "false",
                            "enable_logging": "false",
                            "id": "test-firewall",
                            "name": "test-firewall",
                            "network": "https://www.googleapis.com/compute/v1/projects/cloud2018-list2/global/networks/www-network",
                            "priority": "1000",
                            "project": "cloud2018-list2",
                            "self_link": "https://www.googleapis.com/compute/v1/projects/cloud2018-list2/global/firewalls/test-firewall",
                            "source_ranges.#": "1",
                            "source_ranges.1080289494": "0.0.0.0/0",
                            "source_service_accounts.#": "0",
                            "source_tags.#": "0",
                            "target_service_accounts.#": "0",
                            "target_tags.#": "0"
                        },
                        "meta": {
                            "e2bfb730-ecaa-11e6-8f88-34363bc7c4c0": {
                                "create": 240000000000,
                                "delete": 240000000000,
                                "update": 240000000000
                            },
                            "schema_version": "1"
                        },
                        "tainted": false
                    },
                    "deposed": [],
                    "provider": "provider.google"
                },
                "google_compute_instance.server": {
                    "type": "google_compute_instance",
                    "depends_on": [
                        "google_compute_address.public_ip.*",
                        "google_compute_network.www_network"
                    ],
                    "primary": {
                        "id": "www-server-0",
                        "attributes": {
                            "attached_disk.#": "0",
                            "boot_disk.#": "1",
                            "boot_disk.0.auto_delete": "true",
                            "boot_disk.0.device_name": "persistent-disk-0",
                            "boot_disk.0.disk_encryption_key_raw": "",
                            "boot_disk.0.disk_encryption_key_sha256": "",
                            "boot_disk.0.initialize_params.#": "1",
                            "boot_disk.0.initialize_params.0.image": "https://www.googleapis.com/compute/v1/projects/cloud2018-list2/global/images/list5-www",
                            "boot_disk.0.initialize_params.0.size": "10",
                            "boot_disk.0.initialize_params.0.type": "pd-standard",
                            "boot_disk.0.source": "https://www.googleapis.com/compute/v1/projects/cloud2018-list2/zones/europe-west4-a/disks/www-server-0",
                            "can_ip_forward": "false",
                            "cpu_platform": "Intel Skylake",
                            "create_timeout": "4",
                            "deletion_protection": "false",
                            "guest_accelerator.#": "0",
                            "id": "www-server-0",
                            "instance_id": "967315014837174680",
                            "label_fingerprint": "42WmSpB8rSM=",
                            "labels.%": "0",
                            "machine_type": "f1-micro",
                            "metadata.%": "0",
                            "metadata_fingerprint": "ALHNGx4NFDs=",
                            "metadata_startup_script": "",
                            "min_cpu_platform": "",
                            "name": "www-server-0",
                            "network_interface.#": "1",
                            "network_interface.0.access_config.#": "1",
                            "network_interface.0.access_config.0.assigned_nat_ip": "35.204.92.101",
                            "network_interface.0.access_config.0.nat_ip": "35.204.92.101",
                            "network_interface.0.access_config.0.network_tier": "PREMIUM",
                            "network_interface.0.access_config.0.public_ptr_domain_name": "",
                            "network_interface.0.address": "10.164.0.2",
                            "network_interface.0.alias_ip_range.#": "0",
                            "network_interface.0.name": "nic0",
                            "network_interface.0.network": "https://www.googleapis.com/compute/v1/projects/cloud2018-list2/global/networks/www-network",
                            "network_interface.0.network_ip": "10.164.0.2",
                            "network_interface.0.subnetwork": "https://www.googleapis.com/compute/v1/projects/cloud2018-list2/regions/europe-west4/subnetworks/www-network",
                            "network_interface.0.subnetwork_project": "cloud2018-list2",
                            "project": "cloud2018-list2",
                            "scheduling.#": "1",
                            "scheduling.0.automatic_restart": "false",
                            "scheduling.0.on_host_maintenance": "MIGRATE",
                            "scheduling.0.preemptible": "false",
                            "scratch_disk.#": "0",
                            "self_link": "https://www.googleapis.com/compute/v1/projects/cloud2018-list2/zones/europe-west4-a/instances/www-server-0",
                            "service_account.#": "0",
                            "tags.#": "0",
                            "tags_fingerprint": "42WmSpB8rSM=",
                            "zone": "europe-west4-a"
                        },
                        "meta": {
                            "e2bfb730-ecaa-11e6-8f88-34363bc7c4c0": {
                                "create": 360000000000,
                                "delete": 360000000000,
                                "update": 360000000000
                            },
                            "schema_version": "6"
                        },
                        "tainted": false
                    },
                    "deposed": [],
                    "provider": "provider.google"
                },
                "google_compute_network.www_network": {
                    "type": "google_compute_network",
                    "depends_on": [],
                    "primary": {
                        "id": "www-network",
                        "attributes": {
                            "auto_create_subnetworks": "true",
                            "description": "",
                            "gateway_ipv4": "",
                            "id": "www-network",
                            "ipv4_range": "",
                            "name": "www-network",
                            "project": "cloud2018-list2",
                            "routing_mode": "REGIONAL",
                            "self_link": "https://www.googleapis.com/compute/v1/projects/cloud2018-list2/global/networks/www-network"
                        },
                        "meta": {},
                        "tainted": false
                    },
                    "deposed": [],
                    "provider": "provider.google"
                }
            },
            "depends_on": []
        }
    ]
}
